
Microsoft Visual Studio Solution File, Format Version 12.00
# Visual Studio Version 16
VisualStudioVersion = 16.0.31005.135
MinimumVisualStudioVersion = 10.0.40219.1
Project("{FAE04EC0-301F-11D3-BF4B-00C04F79EFBC}") = "SystemExtensionsTests", "SystemExtensionsTests\SystemExtensionsTests.csproj", "{F9B61261-0A08-4B53-BAEA-44E05DBBBFE5}"
EndProject
Project("{FAE04EC0-301F-11D3-BF4B-00C04F79EFBC}") = "SystemExtensions.NetStandard", "SystemExtensions.NetStandard\SystemExtensions.NetStandard.csproj", "{4CE9E55C-6016-4631-B8D4-4D763DD05F23}"
EndProject
Global
	GlobalSection(SolutionConfigurationPlatforms) = preSolution
		Debug|Any CPU = Debug|Any CPU
		Release|Any CPU = Release|Any CPU
	EndGlobalSection
	GlobalSection(ProjectConfigurationPlatforms) = postSolution
		{F9B61261-0A08-4B53-BAEA-44E05DBBBFE5}.Debug|Any CPU.ActiveCfg = Debug|Any CPU
		{F9B61261-0A08-4B53-BAEA-44E05DBBBFE5}.Debug|Any CPU.Build.0 = Debug|Any CPU
		{F9B61261-0A08-4B53-BAEA-44E05DBBBFE5}.Release|Any CPU.ActiveCfg = Release|Any CPU
		{F9B61261-0A08-4B53-BAEA-44E05DBBBFE5}.Release|Any CPU.Build.0 = Release|Any CPU
		{4CE9E55C-6016-4631-B8D4-4D763DD05F23}.Debug|Any CPU.ActiveCfg = Debug|Any CPU
		{4CE9E55C-6016-4631-B8D4-4D763DD05F23}.Debug|Any CPU.Build.0 = Debug|Any CPU
		{4CE9E55C-6016-4631-B8D4-4D763DD05F23}.Release|Any CPU.ActiveCfg = Release|Any CPU
		{4CE9E55C-6016-4631-B8D4-4D763DD05F23}.Release|Any CPU.Build.0 = Release|Any CPU
	EndGlobalSection
	GlobalSection(SolutionProperties) = preSolution
		HideSolutionNode = FALSE
	EndGlobalSection
	GlobalSection(ExtensibilityGlobals) = postSolution
		SolutionGuid = {BFA90E90-BD97-40AD-B19E-C723E504369A}
	EndGlobalSection
EndGlobal
